version: 5
environments:
  default:
    channels:
    - url: https://conda.anaconda.org/conda-forge/
    indexes:
    - https://pypi.org/simple
    packages:
      linux-64:
      - conda: https://conda.anaconda.org/conda-forge/linux-64/_libgcc_mutex-0.1-conda_forge.tar.bz2
      - conda: https://conda.anaconda.org/conda-forge/linux-64/_openmp_mutex-4.5-2_gnu.tar.bz2
      - conda: https://conda.anaconda.org/conda-forge/noarch/absl-py-2.1.0-pyhd8ed1ab_0.conda
      - conda: https://conda.anaconda.org/conda-forge/linux-64/bzip2-1.0.8-hd590300_5.conda
      - conda: https://conda.anaconda.org/conda-forge/linux-64/c-ares-1.28.1-hd590300_0.conda
      - conda: https://conda.anaconda.org/conda-forge/linux-64/ca-certificates-2024.6.2-hbcca054_0.conda
      - conda: https://conda.anaconda.org/conda-forge/noarch/dm-env-1.6-pyhd8ed1ab_0.conda
      - conda: https://conda.anaconda.org/conda-forge/linux-64/dm-tree-0.1.8-py310ha8c1f0e_4.conda
      - conda: https://conda.anaconda.org/conda-forge/noarch/equinox-0.11.4-pyhd8ed1ab_0.conda
      - conda: https://conda.anaconda.org/conda-forge/noarch/importlib-metadata-8.0.0-pyha770c72_0.conda
      - conda: https://conda.anaconda.org/conda-forge/noarch/importlib_metadata-8.0.0-hd8ed1ab_0.conda
      - conda: https://conda.anaconda.org/conda-forge/noarch/jax-0.4.27-pyhd8ed1ab_0.conda
      - conda: https://conda.anaconda.org/conda-forge/linux-64/jaxlib-0.4.25-cpu_py310hc567d87_0.conda
      - conda: https://conda.anaconda.org/conda-forge/noarch/jaxtyping-0.2.30-pyhd8ed1ab_0.conda
      - conda: https://conda.anaconda.org/conda-forge/linux-64/ld_impl_linux-64-2.40-hf3520f5_7.conda
      - conda: https://conda.anaconda.org/conda-forge/linux-64/libabseil-20240116.2-cxx17_h59595ed_0.conda
      - conda: https://conda.anaconda.org/conda-forge/linux-64/libblas-3.9.0-22_linux64_openblas.conda
      - conda: https://conda.anaconda.org/conda-forge/linux-64/libcblas-3.9.0-22_linux64_openblas.conda
      - conda: https://conda.anaconda.org/conda-forge/linux-64/libffi-3.4.2-h7f98852_5.tar.bz2
      - conda: https://conda.anaconda.org/conda-forge/linux-64/libgcc-ng-14.1.0-h77fa898_0.conda
      - conda: https://conda.anaconda.org/conda-forge/linux-64/libgfortran-ng-14.1.0-h69a702a_0.conda
      - conda: https://conda.anaconda.org/conda-forge/linux-64/libgfortran5-14.1.0-hc5f4f2c_0.conda
      - conda: https://conda.anaconda.org/conda-forge/linux-64/libgomp-14.1.0-h77fa898_0.conda
      - conda: https://conda.anaconda.org/conda-forge/linux-64/libgrpc-1.62.2-h15f2491_0.conda
      - conda: https://conda.anaconda.org/conda-forge/linux-64/liblapack-3.9.0-22_linux64_openblas.conda
      - conda: https://conda.anaconda.org/conda-forge/linux-64/libnsl-2.0.1-hd590300_0.conda
      - conda: https://conda.anaconda.org/conda-forge/linux-64/libopenblas-0.3.27-pthreads_h413a1c8_0.conda
      - conda: https://conda.anaconda.org/conda-forge/linux-64/libprotobuf-4.25.3-h08a7969_0.conda
      - conda: https://conda.anaconda.org/conda-forge/linux-64/libre2-11-2023.09.01-h5a48ba9_2.conda
      - conda: https://conda.anaconda.org/conda-forge/linux-64/libsqlite-3.46.0-hde9e2c9_0.conda
      - conda: https://conda.anaconda.org/conda-forge/linux-64/libstdcxx-ng-14.1.0-hc0a3c3a_0.conda
      - conda: https://conda.anaconda.org/conda-forge/linux-64/libuuid-2.38.1-h0b41bf4_0.conda
      - conda: https://conda.anaconda.org/conda-forge/linux-64/libxcrypt-4.4.36-hd590300_1.conda
      - conda: https://conda.anaconda.org/conda-forge/linux-64/libzlib-1.3.1-h4ab18f5_1.conda
      - conda: https://conda.anaconda.org/conda-forge/linux-64/ml_dtypes-0.4.0-py310hf9f9076_1.conda
      - conda: https://conda.anaconda.org/conda-forge/linux-64/ncurses-6.5-h59595ed_0.conda
      - conda: https://conda.anaconda.org/conda-forge/linux-64/numpy-1.26.4-py310hb13e2d6_0.conda
      - conda: https://conda.anaconda.org/conda-forge/linux-64/openssl-3.3.1-h4ab18f5_1.conda
      - conda: https://conda.anaconda.org/conda-forge/noarch/opt-einsum-3.3.0-hd8ed1ab_2.conda
      - conda: https://conda.anaconda.org/conda-forge/noarch/opt_einsum-3.3.0-pyhc1e730c_2.conda
      - conda: https://conda.anaconda.org/conda-forge/linux-64/python-3.10.14-hd12c33a_0_cpython.conda
      - conda: https://conda.anaconda.org/conda-forge/linux-64/python_abi-3.10-4_cp310.conda
      - conda: https://conda.anaconda.org/conda-forge/linux-64/re2-2023.09.01-h7f4b329_2.conda
      - conda: https://conda.anaconda.org/conda-forge/linux-64/readline-8.2-h8228510_1.conda
      - conda: https://conda.anaconda.org/conda-forge/linux-64/scipy-1.14.0-py310h93e2701_0.conda
      - conda: https://conda.anaconda.org/conda-forge/linux-64/tk-8.6.13-noxft_h4845f30_101.conda
      - conda: https://conda.anaconda.org/conda-forge/noarch/typeguard-2.13.3-pyhd8ed1ab_0.tar.bz2
      - conda: https://conda.anaconda.org/conda-forge/noarch/typing-extensions-4.12.2-hd8ed1ab_0.conda
      - conda: https://conda.anaconda.org/conda-forge/noarch/typing_extensions-4.12.2-pyha770c72_0.conda
      - conda: https://conda.anaconda.org/conda-forge/noarch/tzdata-2024a-h0c530f3_0.conda
      - conda: https://conda.anaconda.org/conda-forge/linux-64/xz-5.2.6-h166bdaf_0.tar.bz2
      - conda: https://conda.anaconda.org/conda-forge/noarch/zipp-3.19.2-pyhd8ed1ab_0.conda
      - pypi: git+https://github.com/ethanluoyc/corax@197acb73830fcfbe02fe980b17ad0004593dd532
      - pypi: .
packages:
- kind: conda
  name: _libgcc_mutex
  version: '0.1'
  build: conda_forge
  subdir: linux-64
  url: https://conda.anaconda.org/conda-forge/linux-64/_libgcc_mutex-0.1-conda_forge.tar.bz2
  sha256: fe51de6107f9edc7aa4f786a70f4a883943bc9d39b3bb7307c04c41410990726
  md5: d7c89558ba9fa0495403155b64376d81
  license: None
  purls: []
  size: 2562
  timestamp: 1578324546067
- kind: conda
  name: _openmp_mutex
  version: '4.5'
  build: 2_gnu
  build_number: 16
  subdir: linux-64
  url: https://conda.anaconda.org/conda-forge/linux-64/_openmp_mutex-4.5-2_gnu.tar.bz2
  sha256: fbe2c5e56a653bebb982eda4876a9178aedfc2b545f25d0ce9c4c0b508253d22
  md5: 73aaf86a425cc6e73fcf236a5a46396d
  depends:
  - _libgcc_mutex 0.1 conda_forge
  - libgomp >=7.5.0
  constrains:
  - openmp_impl 9999
  license: BSD-3-Clause
  license_family: BSD
  purls: []
  size: 23621
  timestamp: 1650670423406
- kind: conda
  name: absl-py
  version: 2.1.0
  build: pyhd8ed1ab_0
  subdir: noarch
  noarch: python
  url: https://conda.anaconda.org/conda-forge/noarch/absl-py-2.1.0-pyhd8ed1ab_0.conda
  sha256: 6c84575fe0c3a860c7b6a52cb36dc548c838503c8da0f950a63a64c29b443937
  md5: 035d1d58677c13ec93122d9eb6b8803b
  depends:
  - python >=3.7
  license: Apache-2.0
  license_family: Apache
  purls:
  - pkg:pypi/absl-py?source=conda-forge-mapping
  size: 107266
  timestamp: 1705494755555
- kind: conda
  name: bzip2
  version: 1.0.8
  build: hd590300_5
  build_number: 5
  subdir: linux-64
  url: https://conda.anaconda.org/conda-forge/linux-64/bzip2-1.0.8-hd590300_5.conda
  sha256: 242c0c324507ee172c0e0dd2045814e746bb303d1eb78870d182ceb0abc726a8
  md5: 69b8b6202a07720f448be700e300ccf4
  depends:
  - libgcc-ng >=12
  license: bzip2-1.0.6
  license_family: BSD
  purls: []
  size: 254228
  timestamp: 1699279927352
- kind: conda
  name: c-ares
  version: 1.28.1
  build: hd590300_0
  subdir: linux-64
  url: https://conda.anaconda.org/conda-forge/linux-64/c-ares-1.28.1-hd590300_0.conda
  sha256: cb25063f3342149c7924b21544109696197a9d774f1407567477d4f3026bf38a
  md5: dcde58ff9a1f30b0037a2315d1846d1f
  depends:
  - libgcc-ng >=12
  license: MIT
  license_family: MIT
  purls: []
  size: 168875
  timestamp: 1711819445938
- kind: conda
  name: ca-certificates
  version: 2024.6.2
  build: hbcca054_0
  subdir: linux-64
  url: https://conda.anaconda.org/conda-forge/linux-64/ca-certificates-2024.6.2-hbcca054_0.conda
  sha256: 979af0932b2a5a26112044891a2d79e402e5ae8166f50fa48b8ebae47c0a2d65
  md5: 847c3c2905cc467cea52c24f9cfa8080
  license: ISC
  purls: []
  size: 156035
  timestamp: 1717311767102
- kind: pypi
  name: corax
  version: 0.1.dev42+g197acb7
  url: git+https://github.com/ethanluoyc/corax@197acb73830fcfbe02fe980b17ad0004593dd532
  requires_dist:
  - absl-py
  - dm-env
  - numpy
  - dm-tree
  - tensorflow-cpu~=2.14.0 ; extra == 'tf'
  - tensorflow-probability~=0.22.1 ; extra == 'tf'
  - tensorflow-datasets>=4.9.3 ; extra == 'tf'
  - dm-reverb~=0.13.0 ; extra == 'tf'
  - rlds ; extra == 'tf'
  - tensorflow-probability ; extra == 'jax'
  - jax ; extra == 'jax'
  - jaxlib ; extra == 'jax'
  - dm-haiku ; extra == 'jax'
  - flax ; extra == 'jax'
  - optax ; extra == 'jax'
  - rlax ; extra == 'jax'
  - chex ; extra == 'jax'
  - dm-env-wrappers ; extra == 'jax'
  requires_python: <3.11,>=3.9
- kind: conda
  name: dm-env
  version: '1.6'
  build: pyhd8ed1ab_0
  subdir: noarch
  noarch: python
  url: https://conda.anaconda.org/conda-forge/noarch/dm-env-1.6-pyhd8ed1ab_0.conda
  sha256: 3c3b78a68720048a20b4b99e0906e8878ea9122cb2274c48fb437c7bc57e53e6
  md5: 7cca3d9dac82ab7ddcdcf37bd07c857d
  depends:
  - absl-py
  - dm-tree
  - numpy
  - python >=3.7
  license: Apache-2.0
  license_family: APACHE
  purls:
  - pkg:pypi/dm-env?source=conda-forge-mapping
  size: 24905
  timestamp: 1671606125268
- kind: conda
  name: dm-tree
  version: 0.1.8
  build: py310ha8c1f0e_4
  build_number: 4
  subdir: linux-64
  url: https://conda.anaconda.org/conda-forge/linux-64/dm-tree-0.1.8-py310ha8c1f0e_4.conda
  sha256: a7e4f5565856370a75247100f87f9b4afefdb7f0eeced4709ad31f9676af65ac
  md5: d099355e8706f6c981147baec066269a
  depends:
  - libabseil * cxx17*
  - libabseil >=20240116.1,<20240117.0a0
  - libgcc-ng >=12
  - libstdcxx-ng >=12
  - python >=3.10,<3.11.0a0
  - python_abi 3.10.* *_cp310
  license: Apache-2.0
  license_family: Apache
  purls:
  - pkg:pypi/dm-tree?source=conda-forge-mapping
  size: 106907
  timestamp: 1709886929256
- kind: conda
  name: equinox
  version: 0.11.4
  build: pyhd8ed1ab_0
  subdir: noarch
  noarch: python
  url: https://conda.anaconda.org/conda-forge/noarch/equinox-0.11.4-pyhd8ed1ab_0.conda
  sha256: 8ad30720db6bf1a5489098af606db90fb0e4a82389f9f6402f14d156ad0825d8
  md5: 3ebf18368558d9aabc9ff59243fdebe0
  depends:
  - jax >=0.4.13
  - jaxtyping >=0.2.20
  - python >=3.9
  - typing-extensions >=4.5.0
  license: Apache-2.0
  license_family: APACHE
  purls:
  - pkg:pypi/equinox?source=conda-forge-mapping
  size: 128643
  timestamp: 1713133707872
- kind: conda
  name: importlib-metadata
  version: 8.0.0
  build: pyha770c72_0
  subdir: noarch
  noarch: python
  url: https://conda.anaconda.org/conda-forge/noarch/importlib-metadata-8.0.0-pyha770c72_0.conda
  sha256: e40d7e71c37ec95df9a19d39f5bb7a567c325be3ccde06290a71400aab719cac
  md5: 3286556cdd99048d198f72c3f6f69103
  depends:
  - python >=3.8
  - zipp >=0.5
  license: Apache-2.0
  license_family: APACHE
  purls:
  - pkg:pypi/importlib-metadata?source=conda-forge-mapping
  size: 27367
  timestamp: 1719361971438
- kind: conda
  name: importlib_metadata
  version: 8.0.0
  build: hd8ed1ab_0
  subdir: noarch
  noarch: generic
  url: https://conda.anaconda.org/conda-forge/noarch/importlib_metadata-8.0.0-hd8ed1ab_0.conda
  sha256: f786f67bcdd6debb6edc2bc496e2899a560bbcc970e66727d42a805a1a5bf9a3
  md5: 5f8c8ebbe6413a7838cf6ecf14d5d31b
  depends:
  - importlib-metadata >=8.0.0,<8.0.1.0a0
  license: Apache-2.0
  license_family: APACHE
  purls:
  - pkg:pypi/importlib-metadata?source=conda-forge-mapping
  size: 9511
  timestamp: 1719361975786
- kind: conda
  name: jax
  version: 0.4.27
  build: pyhd8ed1ab_0
  subdir: noarch
  noarch: python
  url: https://conda.anaconda.org/conda-forge/noarch/jax-0.4.27-pyhd8ed1ab_0.conda
  sha256: 7a85619d6b6890fe15b60818d3f3533d044b84a62ad019b919738f834d56e6c4
  md5: 9dbe68d48348ffbe603c0fbe44428d7c
  depends:
  - importlib_metadata >=4.6
  - jaxlib >=0.4.23
  - ml_dtypes >=0.2.0
  - numpy >=1.22
  - opt-einsum
  - python >=3.9
  - scipy >=1.9
  license: Apache-2.0
  license_family: APACHE
  purls:
  - pkg:pypi/jax?source=conda-forge-mapping
  size: 1275628
  timestamp: 1715569349254
- kind: conda
  name: jaxlib
  version: 0.4.25
  build: cpu_py310hc567d87_0
  subdir: linux-64
  url: https://conda.anaconda.org/conda-forge/linux-64/jaxlib-0.4.25-cpu_py310hc567d87_0.conda
  sha256: 361d938c6f8dff9bba5491104c42d76f831c1000d1f872846e90c5c5d1287728
  md5: de3fd891752f1abb036b11eacd4006cd
  depends:
  - libabseil * cxx17*
  - libabseil >=20240116.2,<20240117.0a0
  - libgcc-ng >=12
  - libgrpc >=1.62.2,<1.63.0a0
  - libstdcxx-ng >=12
  - libzlib >=1.3.1,<2.0a0
  - ml_dtypes >=0.2.0
  - numpy >=1.22.4,<2.0a0
  - openssl >=3.3.1,<4.0a0
  - python >=3.10,<3.11.0a0
  - python_abi 3.10.* *_cp310
  - scipy >=1.9
  constrains:
  - jax >=0.4.25
  license: Apache-2.0
  license_family: APACHE
  purls:
  - pkg:pypi/jaxlib?source=conda-forge-mapping
  size: 55912145
  timestamp: 1719400599943
- kind: conda
  name: jaxtyping
  version: 0.2.30
  build: pyhd8ed1ab_0
  subdir: noarch
  noarch: python
  url: https://conda.anaconda.org/conda-forge/noarch/jaxtyping-0.2.30-pyhd8ed1ab_0.conda
  sha256: d469d21d459b1953e6553f279784d99038822f3b932ee7579d6a112de9b919bb
  md5: 45623a0d0ce8b15a25e7d2da7e90911f
  depends:
  - python >=3.9
  - typeguard 2.13.3
  license: MIT
  license_family: MIT
  purls:
  - pkg:pypi/jaxtyping?source=conda-forge-mapping
  size: 36346
  timestamp: 1718343167059
- kind: conda
  name: ld_impl_linux-64
  version: '2.40'
  build: hf3520f5_7
  build_number: 7
  subdir: linux-64
  url: https://conda.anaconda.org/conda-forge/linux-64/ld_impl_linux-64-2.40-hf3520f5_7.conda
  sha256: 764b6950aceaaad0c67ef925417594dd14cd2e22fff864aeef455ac259263d15
  md5: b80f2f396ca2c28b8c14c437a4ed1e74
  constrains:
  - binutils_impl_linux-64 2.40
  license: GPL-3.0-only
  license_family: GPL
  purls: []
  size: 707602
  timestamp: 1718625640445
- kind: conda
  name: libabseil
  version: '20240116.2'
  build: cxx17_h59595ed_0
  subdir: linux-64
  url: https://conda.anaconda.org/conda-forge/linux-64/libabseil-20240116.2-cxx17_h59595ed_0.conda
  sha256: 19b789dc38dff64eee2002675991e63f381eedf5efd5c85f2dac512ed97376d7
  md5: 682bdbe046a68f749769b492f3625c5c
  depends:
  - libgcc-ng >=12
  - libstdcxx-ng >=12
  constrains:
  - libabseil-static =20240116.2=cxx17*
  - abseil-cpp =20240116.2
  license: Apache-2.0
  license_family: Apache
  purls: []
  size: 1266634
  timestamp: 1714403128134
- kind: conda
  name: libblas
  version: 3.9.0
  build: 22_linux64_openblas
  build_number: 22
  subdir: linux-64
  url: https://conda.anaconda.org/conda-forge/linux-64/libblas-3.9.0-22_linux64_openblas.conda
  sha256: 082b8ac20d43a7bbcdc28b3b1cd40e4df3a8b5daf0a2d23d68953a44d2d12c1b
  md5: 1a2a0cd3153464fee6646f3dd6dad9b8
  depends:
  - libopenblas >=0.3.27,<0.3.28.0a0
  - libopenblas >=0.3.27,<1.0a0
  constrains:
  - libcblas 3.9.0 22_linux64_openblas
  - blas * openblas
  - liblapacke 3.9.0 22_linux64_openblas
  - liblapack 3.9.0 22_linux64_openblas
  license: BSD-3-Clause
  license_family: BSD
  purls: []
  size: 14537
  timestamp: 1712542250081
- kind: conda
  name: libcblas
  version: 3.9.0
  build: 22_linux64_openblas
  build_number: 22
  subdir: linux-64
  url: https://conda.anaconda.org/conda-forge/linux-64/libcblas-3.9.0-22_linux64_openblas.conda
  sha256: da1b2faa017663c8f5555c1c5518e96ac4cd8e0be2a673c1c9e2cb8507c8fe46
  md5: 4b31699e0ec5de64d5896e580389c9a1
  depends:
  - libblas 3.9.0 22_linux64_openblas
  constrains:
  - liblapack 3.9.0 22_linux64_openblas
  - blas * openblas
  - liblapacke 3.9.0 22_linux64_openblas
  license: BSD-3-Clause
  license_family: BSD
  purls: []
  size: 14438
  timestamp: 1712542270166
- kind: conda
  name: libffi
  version: 3.4.2
  build: h7f98852_5
  build_number: 5
  subdir: linux-64
  url: https://conda.anaconda.org/conda-forge/linux-64/libffi-3.4.2-h7f98852_5.tar.bz2
  sha256: ab6e9856c21709b7b517e940ae7028ae0737546122f83c2aa5d692860c3b149e
  md5: d645c6d2ac96843a2bfaccd2d62b3ac3
  depends:
  - libgcc-ng >=9.4.0
  license: MIT
  license_family: MIT
  purls: []
  size: 58292
  timestamp: 1636488182923
- kind: conda
  name: libgcc-ng
  version: 14.1.0
  build: h77fa898_0
  subdir: linux-64
  url: https://conda.anaconda.org/conda-forge/linux-64/libgcc-ng-14.1.0-h77fa898_0.conda
  sha256: b8e869ac96591cda2704bf7e77a301025e405227791a0bddf14a3dac65125538
  md5: ca0fad6a41ddaef54a153b78eccb5037
  depends:
  - _libgcc_mutex 0.1 conda_forge
  - _openmp_mutex >=4.5
  constrains:
  - libgomp 14.1.0 h77fa898_0
  license: GPL-3.0-only WITH GCC-exception-3.1
  license_family: GPL
  purls: []
  size: 842109
  timestamp: 1719538896937
- kind: conda
  name: libgfortran-ng
  version: 14.1.0
  build: h69a702a_0
  subdir: linux-64
  url: https://conda.anaconda.org/conda-forge/linux-64/libgfortran-ng-14.1.0-h69a702a_0.conda
  sha256: ef624dacacf97b2b0af39110b36e2fd3e39e358a1a6b7b21b85c9ac22d8ffed9
  md5: f4ca84fbd6d06b0a052fb2d5b96dde41
  depends:
  - libgfortran5 14.1.0 hc5f4f2c_0
  license: GPL-3.0-only WITH GCC-exception-3.1
  license_family: GPL
  purls: []
  size: 49893
  timestamp: 1719538933879
- kind: conda
  name: libgfortran5
  version: 14.1.0
  build: hc5f4f2c_0
  subdir: linux-64
  url: https://conda.anaconda.org/conda-forge/linux-64/libgfortran5-14.1.0-hc5f4f2c_0.conda
  sha256: a67d66b1e60a8a9a9e4440cee627c959acb4810cb182e089a4b0729bfdfbdf90
  md5: 6456c2620c990cd8dde2428a27ba0bc5
  depends:
  - libgcc-ng >=14.1.0
  constrains:
  - libgfortran-ng 14.1.0
  license: GPL-3.0-only WITH GCC-exception-3.1
  license_family: GPL
  purls: []
  size: 1457561
  timestamp: 1719538909168
- kind: conda
  name: libgomp
  version: 14.1.0
  build: h77fa898_0
  subdir: linux-64
  url: https://conda.anaconda.org/conda-forge/linux-64/libgomp-14.1.0-h77fa898_0.conda
  sha256: 7699df61a1f6c644b3576a40f54791561f2845983120477a16116b951c9cdb05
  md5: ae061a5ed5f05818acdf9adab72c146d
  depends:
  - _libgcc_mutex 0.1 conda_forge
  license: GPL-3.0-only WITH GCC-exception-3.1
  license_family: GPL
  purls: []
  size: 456925
  timestamp: 1719538796073
- kind: conda
  name: libgrpc
  version: 1.62.2
  build: h15f2491_0
  subdir: linux-64
  url: https://conda.anaconda.org/conda-forge/linux-64/libgrpc-1.62.2-h15f2491_0.conda
  sha256: 28241ed89335871db33cb6010e9ccb2d9e9b6bb444ddf6884f02f0857363c06a
  md5: 8dabe607748cb3d7002ad73cd06f1325
  depends:
  - c-ares >=1.28.1,<2.0a0
  - libabseil * cxx17*
  - libabseil >=20240116.1,<20240117.0a0
  - libgcc-ng >=12
  - libprotobuf >=4.25.3,<4.25.4.0a0
  - libre2-11 >=2023.9.1,<2024.0a0
  - libstdcxx-ng >=12
  - libzlib >=1.2.13,<2.0.0a0
  - openssl >=3.2.1,<4.0a0
  - re2
  constrains:
  - grpc-cpp =1.62.2
  license: Apache-2.0
  license_family: APACHE
  purls: []
  size: 7316832
  timestamp: 1713390645548
- kind: conda
  name: liblapack
  version: 3.9.0
  build: 22_linux64_openblas
  build_number: 22
  subdir: linux-64
  url: https://conda.anaconda.org/conda-forge/linux-64/liblapack-3.9.0-22_linux64_openblas.conda
  sha256: db246341d42f9100d45adeb1a7ba8b1ef5b51ceb9056fd643e98046a3259fde6
  md5: b083767b6c877e24ee597d93b87ab838
  depends:
  - libblas 3.9.0 22_linux64_openblas
  constrains:
  - libcblas 3.9.0 22_linux64_openblas
  - blas * openblas
  - liblapacke 3.9.0 22_linux64_openblas
  license: BSD-3-Clause
  license_family: BSD
  purls: []
  size: 14471
  timestamp: 1712542277696
- kind: conda
  name: libnsl
  version: 2.0.1
  build: hd590300_0
  subdir: linux-64
  url: https://conda.anaconda.org/conda-forge/linux-64/libnsl-2.0.1-hd590300_0.conda
  sha256: 26d77a3bb4dceeedc2a41bd688564fe71bf2d149fdcf117049970bc02ff1add6
  md5: 30fd6e37fe21f86f4bd26d6ee73eeec7
  depends:
  - libgcc-ng >=12
  license: LGPL-2.1-only
  license_family: GPL
  purls: []
  size: 33408
  timestamp: 1697359010159
- kind: conda
  name: libopenblas
  version: 0.3.27
  build: pthreads_h413a1c8_0
  subdir: linux-64
  url: https://conda.anaconda.org/conda-forge/linux-64/libopenblas-0.3.27-pthreads_h413a1c8_0.conda
  sha256: 2ae7559aed0705deb3f716c7b247c74fd1b5e35b64e39834ce8b95f7564d4a3e
  md5: a356024784da6dfd4683dc5ecf45b155
  depends:
  - libgcc-ng >=12
  - libgfortran-ng
  - libgfortran5 >=12.3.0
  constrains:
  - openblas >=0.3.27,<0.3.28.0a0
  license: BSD-3-Clause
  license_family: BSD
  purls: []
  size: 5598747
  timestamp: 1712364444346
- kind: conda
  name: libprotobuf
  version: 4.25.3
  build: h08a7969_0
  subdir: linux-64
  url: https://conda.anaconda.org/conda-forge/linux-64/libprotobuf-4.25.3-h08a7969_0.conda
  sha256: 70e0eef046033af2e8d21251a785563ad738ed5281c74e21c31c457780845dcd
  md5: 6945825cebd2aeb16af4c69d97c32c13
  depends:
  - libabseil * cxx17*
  - libabseil >=20240116.1,<20240117.0a0
  - libgcc-ng >=12
  - libstdcxx-ng >=12
  - libzlib >=1.2.13,<2.0.0a0
  license: BSD-3-Clause
  license_family: BSD
  purls: []
  size: 2811207
  timestamp: 1709514552541
- kind: conda
  name: libre2-11
  version: 2023.09.01
  build: h5a48ba9_2
  build_number: 2
  subdir: linux-64
  url: https://conda.anaconda.org/conda-forge/linux-64/libre2-11-2023.09.01-h5a48ba9_2.conda
  sha256: 3f3c65fe0e9e328b4c1ebc2b622727cef3e5b81b18228cfa6cf0955bc1ed8eff
  md5: 41c69fba59d495e8cf5ffda48a607e35
  depends:
  - libabseil * cxx17*
  - libabseil >=20240116.1,<20240117.0a0
  - libgcc-ng >=12
  - libstdcxx-ng >=12
  constrains:
  - re2 2023.09.01.*
  license: BSD-3-Clause
  license_family: BSD
  purls: []
  size: 232603
  timestamp: 1708946763521
- kind: conda
  name: libsqlite
  version: 3.46.0
  build: hde9e2c9_0
  subdir: linux-64
  url: https://conda.anaconda.org/conda-forge/linux-64/libsqlite-3.46.0-hde9e2c9_0.conda
  sha256: daee3f68786231dad457d0dfde3f7f1f9a7f2018adabdbb864226775101341a8
  md5: 18aa975d2094c34aef978060ae7da7d8
  depends:
  - libgcc-ng >=12
  - libzlib >=1.2.13,<2.0a0
  license: Unlicense
  purls: []
  size: 865346
  timestamp: 1718050628718
- kind: conda
  name: libstdcxx-ng
  version: 14.1.0
  build: hc0a3c3a_0
  subdir: linux-64
  url: https://conda.anaconda.org/conda-forge/linux-64/libstdcxx-ng-14.1.0-hc0a3c3a_0.conda
  sha256: 88c42b388202ffe16adaa337e36cf5022c63cf09b0405cf06fc6aeacccbe6146
  md5: 1cb187a157136398ddbaae90713e2498
  depends:
  - libgcc-ng 14.1.0 h77fa898_0
  license: GPL-3.0-only WITH GCC-exception-3.1
  license_family: GPL
  purls: []
  size: 3881307
  timestamp: 1719538923443
- kind: conda
  name: libuuid
  version: 2.38.1
  build: h0b41bf4_0
  subdir: linux-64
  url: https://conda.anaconda.org/conda-forge/linux-64/libuuid-2.38.1-h0b41bf4_0.conda
  sha256: 787eb542f055a2b3de553614b25f09eefb0a0931b0c87dbcce6efdfd92f04f18
  md5: 40b61aab5c7ba9ff276c41cfffe6b80b
  depends:
  - libgcc-ng >=12
  license: BSD-3-Clause
  license_family: BSD
  purls: []
  size: 33601
  timestamp: 1680112270483
- kind: conda
  name: libxcrypt
  version: 4.4.36
  build: hd590300_1
  build_number: 1
  subdir: linux-64
  url: https://conda.anaconda.org/conda-forge/linux-64/libxcrypt-4.4.36-hd590300_1.conda
  sha256: 6ae68e0b86423ef188196fff6207ed0c8195dd84273cb5623b85aa08033a410c
  md5: 5aa797f8787fe7a17d1b0821485b5adc
  depends:
  - libgcc-ng >=12
  license: LGPL-2.1-or-later
  purls: []
  size: 100393
  timestamp: 1702724383534
- kind: conda
  name: libzlib
  version: 1.3.1
  build: h4ab18f5_1
  build_number: 1
  subdir: linux-64
  url: https://conda.anaconda.org/conda-forge/linux-64/libzlib-1.3.1-h4ab18f5_1.conda
  sha256: adf6096f98b537a11ae3729eaa642b0811478f0ea0402ca67b5108fe2cb0010d
  md5: 57d7dc60e9325e3de37ff8dffd18e814
  depends:
  - libgcc-ng >=12
  constrains:
  - zlib 1.3.1 *_1
  license: Zlib
  license_family: Other
  purls: []
  size: 61574
  timestamp: 1716874187109
- kind: conda
  name: ml_dtypes
  version: 0.4.0
  build: py310hf9f9076_1
  build_number: 1
  subdir: linux-64
  url: https://conda.anaconda.org/conda-forge/linux-64/ml_dtypes-0.4.0-py310hf9f9076_1.conda
  sha256: e7a3764a93579eb71ae8f9d3479b5c18fb1520bca9e477e1c141eb794510b345
  md5: 5e1011d45d6415805bcae43f363ae76e
  depends:
  - libgcc-ng >=12
  - libstdcxx-ng >=12
  - numpy >=1.19,<3
  - python >=3.10,<3.11.0a0
  - python_abi 3.10.* *_cp310
  license: MPL-2.0 AND Apache-2.0
  purls:
  - pkg:pypi/ml-dtypes?source=conda-forge-mapping
  size: 164940
  timestamp: 1715895713935
- kind: conda
  name: ncurses
  version: '6.5'
  build: h59595ed_0
  subdir: linux-64
  url: https://conda.anaconda.org/conda-forge/linux-64/ncurses-6.5-h59595ed_0.conda
  sha256: 4fc3b384f4072b68853a0013ea83bdfd3d66b0126e2238e1d6e1560747aa7586
  md5: fcea371545eda051b6deafb24889fc69
  depends:
  - libgcc-ng >=12
  license: X11 AND BSD-3-Clause
  purls: []
  size: 887465
  timestamp: 1715194722503
- kind: conda
  name: numpy
  version: 1.26.4
  build: py310hb13e2d6_0
  subdir: linux-64
  url: https://conda.anaconda.org/conda-forge/linux-64/numpy-1.26.4-py310hb13e2d6_0.conda
  sha256: 028fe2ea8e915a0a032b75165f11747770326f3d767e642880540c60a3256425
  md5: 6593de64c935768b6bad3e19b3e978be
  depends:
  - libblas >=3.9.0,<4.0a0
  - libcblas >=3.9.0,<4.0a0
  - libgcc-ng >=12
  - liblapack >=3.9.0,<4.0a0
  - libstdcxx-ng >=12
  - python >=3.10,<3.11.0a0
  - python_abi 3.10.* *_cp310
  constrains:
  - numpy-base <0a0
  license: BSD-3-Clause
  license_family: BSD
  purls:
  - pkg:pypi/numpy?source=conda-forge-mapping
  size: 7009070
  timestamp: 1707225917496
- kind: conda
  name: openssl
  version: 3.3.1
  build: h4ab18f5_1
  build_number: 1
  subdir: linux-64
  url: https://conda.anaconda.org/conda-forge/linux-64/openssl-3.3.1-h4ab18f5_1.conda
  sha256: ff3faf8d4c1c9aa4bd3263b596a68fcc6ac910297f354b2ce28718a3509db6d9
  md5: b1e9d076f14e8d776213fd5047b4c3d9
  depends:
  - ca-certificates
  - libgcc-ng >=12
  constrains:
  - pyopenssl >=22.1
  license: Apache-2.0
  license_family: Apache
  purls: []
  size: 2896610
  timestamp: 1719363957188
- kind: conda
  name: opt-einsum
  version: 3.3.0
  build: hd8ed1ab_2
  build_number: 2
  subdir: noarch
  noarch: generic
  url: https://conda.anaconda.org/conda-forge/noarch/opt-einsum-3.3.0-hd8ed1ab_2.conda
  sha256: 7cc87658f3ef09bd6f85afdf6c55db0c274960132de4050328759e8b3784df22
  md5: ab262acd95cb73f3ed9426cc4204ac3a
  depends:
  - opt_einsum >=3.3.0,<3.3.1.0a0
  license: MIT
  license_family: MIT
  purls:
  - pkg:pypi/opt-einsum?source=conda-forge-mapping
  size: 6594
  timestamp: 1696449067022
- kind: conda
  name: opt_einsum
  version: 3.3.0
  build: pyhc1e730c_2
  build_number: 2
  subdir: noarch
  noarch: python
  url: https://conda.anaconda.org/conda-forge/noarch/opt_einsum-3.3.0-pyhc1e730c_2.conda
  sha256: 1995657f10e23dbe534219f754c66b7fb2a805d68a3385abdacb7807a915b0c3
  md5: 7a94ac68b892daa9f17ae8a52b31ed81
  depends:
  - numpy
  - python >=3.6
  license: MIT
  license_family: MIT
  purls:
  - pkg:pypi/opt-einsum?source=conda-forge-mapping
  size: 58004
  timestamp: 1696449058916
- kind: conda
  name: python
  version: 3.10.14
  build: hd12c33a_0_cpython
  subdir: linux-64
  url: https://conda.anaconda.org/conda-forge/linux-64/python-3.10.14-hd12c33a_0_cpython.conda
  sha256: 76a5d12e73542678b70a94570f7b0f7763f9a938f77f0e75d9ea615ef22aa84c
  md5: 2b4ba962994e8bd4be9ff5b64b75aff2
  depends:
  - bzip2 >=1.0.8,<2.0a0
  - ld_impl_linux-64 >=2.36.1
  - libffi >=3.4,<4.0a0
  - libgcc-ng >=12
  - libnsl >=2.0.1,<2.1.0a0
  - libsqlite >=3.45.2,<4.0a0
  - libuuid >=2.38.1,<3.0a0
  - libxcrypt >=4.4.36
  - libzlib >=1.2.13,<2.0.0a0
  - ncurses >=6.4.20240210,<7.0a0
  - openssl >=3.2.1,<4.0a0
  - readline >=8.2,<9.0a0
  - tk >=8.6.13,<8.7.0a0
  - tzdata
  - xz >=5.2.6,<6.0a0
  constrains:
  - python_abi 3.10.* *_cp310
  license: Python-2.0
  purls: []
  size: 25517742
  timestamp: 1710939725109
- kind: conda
  name: python_abi
  version: '3.10'
  build: 4_cp310
  build_number: 4
  subdir: linux-64
  url: https://conda.anaconda.org/conda-forge/linux-64/python_abi-3.10-4_cp310.conda
  sha256: 456bec815bfc2b364763084d08b412fdc4c17eb9ccc66a36cb775fa7ac3cbaec
  md5: 26322ec5d7712c3ded99dd656142b8ce
  constrains:
  - python 3.10.* *_cpython
  license: BSD-3-Clause
  license_family: BSD
  purls: []
  size: 6398
  timestamp: 1695147363189
- kind: conda
  name: re2
  version: 2023.09.01
  build: h7f4b329_2
  build_number: 2
  subdir: linux-64
  url: https://conda.anaconda.org/conda-forge/linux-64/re2-2023.09.01-h7f4b329_2.conda
  sha256: f0f520f57e6b58313e8c41abc7dfa48742a05f1681f05654558127b667c769a8
  md5: 8f70e36268dea8eb666ef14c29bd3cda
  depends:
  - libre2-11 2023.09.01 h5a48ba9_2
  license: BSD-3-Clause
  license_family: BSD
  purls: []
  size: 26617
  timestamp: 1708946796423
- kind: conda
  name: readline
  version: '8.2'
  build: h8228510_1
  build_number: 1
  subdir: linux-64
  url: https://conda.anaconda.org/conda-forge/linux-64/readline-8.2-h8228510_1.conda
  sha256: 5435cf39d039387fbdc977b0a762357ea909a7694d9528ab40f005e9208744d7
  md5: 47d31b792659ce70f470b5c82fdfb7a4
  depends:
  - libgcc-ng >=12
  - ncurses >=6.3,<7.0a0
  license: GPL-3.0-only
  license_family: GPL
  purls: []
  size: 281456
  timestamp: 1679532220005
- kind: pypi
  name: rl
  version: 0.0.0
  path: .
  sha256: 8ce6c018e6d1471c09c8c3742cc99546e5a596cfcacbbb3ecdb50a5072e9e0cf
  requires_dist:
  - corax @ git+https://github.com/ethanluoyc/corax#egg=corax
  requires_python: <3.11,>=3.10
  editable: true
- kind: conda
  name: scipy
  version: 1.14.0
  build: py310h93e2701_0
  subdir: linux-64
  url: https://conda.anaconda.org/conda-forge/linux-64/scipy-1.14.0-py310h93e2701_0.conda
  sha256: cb18dc6a54198857be9d4837edd337c433d40d709826ef79abb9192915e10c2b
  md5: b22b24595c8ec0ef064967bd2649f643
  depends:
  - libblas >=3.9.0,<4.0a0
  - libcblas >=3.9.0,<4.0a0
  - libgcc-ng >=12
  - libgfortran-ng
  - libgfortran5 >=12.3.0
  - liblapack >=3.9.0,<4.0a0
  - libstdcxx-ng >=12
  - numpy <2.3
  - numpy >=1.19,<3
  - python >=3.10,<3.11.0a0
  - python_abi 3.10.* *_cp310
  license: BSD-3-Clause
  license_family: BSD
  purls:
  - pkg:pypi/scipy?source=conda-forge-mapping
  size: 16877899
  timestamp: 1719282028364
- kind: conda
  name: tk
  version: 8.6.13
  build: noxft_h4845f30_101
  build_number: 101
  subdir: linux-64
  url: https://conda.anaconda.org/conda-forge/linux-64/tk-8.6.13-noxft_h4845f30_101.conda
  sha256: e0569c9caa68bf476bead1bed3d79650bb080b532c64a4af7d8ca286c08dea4e
  md5: d453b98d9c83e71da0741bb0ff4d76bc
  depends:
  - libgcc-ng >=12
  - libzlib >=1.2.13,<2.0.0a0
  license: TCL
  license_family: BSD
  purls: []
  size: 3318875
  timestamp: 1699202167581
- kind: conda
  name: typeguard
  version: 2.13.3
  build: pyhd8ed1ab_0
  subdir: noarch
  noarch: python
  url: https://conda.anaconda.org/conda-forge/noarch/typeguard-2.13.3-pyhd8ed1ab_0.tar.bz2
  sha256: 5e6a3b92c4f99b7b51c646669ad9dbffd307a788fda0001dc82476de8e67ad67
  md5: af104e581c40c72813864454962e1795
  depends:
  - python >=3.4
  license: MIT
  license_family: MIT
  purls:
  - pkg:pypi/typeguard?source=conda-forge-mapping
  size: 19655
  timestamp: 1658932205516
- kind: conda
  name: typing-extensions
  version: 4.12.2
  build: hd8ed1ab_0
  subdir: noarch
  noarch: python
  url: https://conda.anaconda.org/conda-forge/noarch/typing-extensions-4.12.2-hd8ed1ab_0.conda
  sha256: d3b9a8ed6da7c9f9553c5fd8a4fca9c3e0ab712fa5f497859f82337d67533b73
  md5: 52d648bd608f5737b123f510bb5514b5
  depends:
  - typing_extensions 4.12.2 pyha770c72_0
  license: PSF-2.0
  license_family: PSF
  purls: []
  size: 10097
  timestamp: 1717802659025
- kind: conda
  name: typing_extensions
  version: 4.12.2
  build: pyha770c72_0
  subdir: noarch
  noarch: python
  url: https://conda.anaconda.org/conda-forge/noarch/typing_extensions-4.12.2-pyha770c72_0.conda
  sha256: 0fce54f8ec3e59f5ef3bb7641863be4e1bf1279623e5af3d3fa726e8f7628ddb
  md5: ebe6952715e1d5eb567eeebf25250fa7
  depends:
  - python >=3.8
  license: PSF-2.0
  license_family: PSF
  purls:
  - pkg:pypi/typing-extensions?source=conda-forge-mapping
  size: 39888
  timestamp: 1717802653893
- kind: conda
  name: tzdata
  version: 2024a
  build: h0c530f3_0
  subdir: noarch
  noarch: generic
  url: https://conda.anaconda.org/conda-forge/noarch/tzdata-2024a-h0c530f3_0.conda
  sha256: 7b2b69c54ec62a243eb6fba2391b5e443421608c3ae5dbff938ad33ca8db5122
  md5: 161081fc7cec0bfda0d86d7cb595f8d8
  license: LicenseRef-Public-Domain
  purls: []
  size: 119815
  timestamp: 1706886945727
- kind: conda
  name: xz
  version: 5.2.6
  build: h166bdaf_0
  subdir: linux-64
  url: https://conda.anaconda.org/conda-forge/linux-64/xz-5.2.6-h166bdaf_0.tar.bz2
  sha256: 03a6d28ded42af8a347345f82f3eebdd6807a08526d47899a42d62d319609162
  md5: 2161070d867d1b1204ea749c8eec4ef0
  depends:
  - libgcc-ng >=12
  license: LGPL-2.1 and GPL-2.0
  purls: []
  size: 418368
  timestamp: 1660346797927
- kind: conda
  name: zipp
  version: 3.19.2
  build: pyhd8ed1ab_0
  subdir: noarch
  noarch: python
  url: https://conda.anaconda.org/conda-forge/noarch/zipp-3.19.2-pyhd8ed1ab_0.conda
  sha256: e3e9c8501f581bfdc4700b83ea283395e237ec6b9b5cbfbedb556e1da6f4fdc9
  md5: 49808e59df5535116f6878b2a820d6f4
  depends:
  - python >=3.8
  license: MIT
  license_family: MIT
  purls:
  - pkg:pypi/zipp?source=conda-forge-mapping
  size: 20917
  timestamp: 1718013395428
